
Microsoft Visual Studio Solution File, Format Version 12.00
# Visual Studio Version 17
VisualStudioVersion = 17.2.32526.322
MinimumVisualStudioVersion = 10.0.40219.1
Project("{9A19103F-16F7-4668-BE54-9A1E7A4F7556}") = "PythonConnector", "PythonConnector.csproj", "{2DE0AC53-7266-408C-95E9-A422280AB11C}"
EndProject
Global
	GlobalSection(SolutionConfigurationPlatforms) = preSolution
		Debug|Any CPU = Debug|Any CPU
		Release|Any CPU = Release|Any CPU
	EndGlobalSection
	GlobalSection(ProjectConfigurationPlatforms) = postSolution
		{2DE0AC53-7266-408C-95E9-A422280AB11C}.Debug|Any CPU.ActiveCfg = Debug|Any CPU
		{2DE0AC53-7266-408C-95E9-A422280AB11C}.Debug|Any CPU.Build.0 = Debug|Any CPU
		{2DE0AC53-7266-408C-95E9-A422280AB11C}.Release|Any CPU.ActiveCfg = Release|Any CPU
		{2DE0AC53-7266-408C-95E9-A422280AB11C}.Release|Any CPU.Build.0 = Release|Any CPU
	EndGlobalSection
	GlobalSection(SolutionProperties) = preSolution
		HideSolutionNode = FALSE
	EndGlobalSection
	GlobalSection(ExtensibilityGlobals) = postSolution
		SolutionGuid = {070A16DC-A6BA-4106-B9D8-86363E154851}
	EndGlobalSection
EndGlobal
